
Microsoft Visual Studio Solution File, Format Version 12.00
# Visual Studio 15
VisualStudioVersion = 15.0.28307.168
MinimumVisualStudioVersion = 10.0.40219.1
Project("{FAE04EC0-301F-11D3-BF4B-00C04F79EFBC}") = "CSharp-Protector", "CSharp-Protector\CSharp-Protector.csproj", "{5122683A-2849-46E0-87F5-1ACED0A3ED93}"
EndProject
Project("{FAE04EC0-301F-11D3-BF4B-00C04F79EFBC}") = "VM", "VM\VM.csproj", "{97B105AF-61E4-464C-8B9B-A1B7CC06F91B}"
EndProject
Project("{FAE04EC0-301F-11D3-BF4B-00C04F79EFBC}") = "VMCompiler", "VMCompiler\VMCompiler.csproj", "{FD62A3D8-7745-4184-BC2A-ED8715AC5C65}"
EndProject
Global
	GlobalSection(SolutionConfigurationPlatforms) = preSolution
		Debug|Any CPU = Debug|Any CPU
		Release|Any CPU = Release|Any CPU
	EndGlobalSection
	GlobalSection(ProjectConfigurationPlatforms) = postSolution
		{5122683A-2849-46E0-87F5-1ACED0A3ED93}.Debug|Any CPU.ActiveCfg = Debug|Any CPU
		{5122683A-2849-46E0-87F5-1ACED0A3ED93}.Debug|Any CPU.Build.0 = Debug|Any CPU
		{5122683A-2849-46E0-87F5-1ACED0A3ED93}.Release|Any CPU.ActiveCfg = Release|Any CPU
		{5122683A-2849-46E0-87F5-1ACED0A3ED93}.Release|Any CPU.Build.0 = Release|Any CPU
		{97B105AF-61E4-464C-8B9B-A1B7CC06F91B}.Debug|Any CPU.ActiveCfg = Debug|Any CPU
		{97B105AF-61E4-464C-8B9B-A1B7CC06F91B}.Debug|Any CPU.Build.0 = Debug|Any CPU
		{97B105AF-61E4-464C-8B9B-A1B7CC06F91B}.Release|Any CPU.ActiveCfg = Release|Any CPU
		{97B105AF-61E4-464C-8B9B-A1B7CC06F91B}.Release|Any CPU.Build.0 = Release|Any CPU
		{FD62A3D8-7745-4184-BC2A-ED8715AC5C65}.Debug|Any CPU.ActiveCfg = Debug|Any CPU
		{FD62A3D8-7745-4184-BC2A-ED8715AC5C65}.Debug|Any CPU.Build.0 = Debug|Any CPU
		{FD62A3D8-7745-4184-BC2A-ED8715AC5C65}.Release|Any CPU.ActiveCfg = Release|Any CPU
		{FD62A3D8-7745-4184-BC2A-ED8715AC5C65}.Release|Any CPU.Build.0 = Release|Any CPU
	EndGlobalSection
	GlobalSection(SolutionProperties) = preSolution
		HideSolutionNode = FALSE
	EndGlobalSection
	GlobalSection(ExtensibilityGlobals) = postSolution
		SolutionGuid = {132C16D6-50B1-4CCC-A213-D5414FB0EDF8}
	EndGlobalSection
EndGlobal
